// !$*UTF8*$!
{
	archiveVersion = 1;
	classes = {
	};
	objectVersion = 46;
	objects = {

/* Begin PBXBuildFile section */
		5AFAB9D51F90528F005B423D /* AppDelegate.m in Sources */ = {isa = PBXBuildFile; fileRef = 5AFAB9D41F90528F005B423D /* AppDelegate.m */; };
		5AFAB9D81F90528F005B423D /* main.m in Sources */ = {isa = PBXBuildFile; fileRef = 5AFAB9D71F90528F005B423D /* main.m */; };
		5AFAB9DB1F905290005B423D /* ViewController.m in Sources */ = {isa = PBXBuildFile; fileRef = 5AFAB9DA1F905290005B423D /* ViewController.m */; };
		5AFAB9DD1F905290005B423D /* Assets.xcassets in Resources */ = {isa = PBXBuildFile; fileRef = 5AFAB9DC1F905290005B423D /* Assets.xcassets */; };
		5AFAB9E01F905290005B423D /* Main.storyboard in Resources */ = {isa = PBXBuildFile; fileRef = 5AFAB9DE1F905290005B423D /* Main.storyboard */; };
		5AFAB9F01F906C62005B423D /* libflycan_Mac.a in Frameworks */ = {isa = PBXBuildFile; fileRef = 5AFAB9EF1F906C62005B423D /* libflycan_Mac.a */; };
		5AFAB9F21F906C87005B423D /* libstdc++.tbd in Frameworks */ = {isa = PBXBuildFile; fileRef = 5AFAB9F11F906C87005B423D /* libstdc++.tbd */; };
/* End PBXBuildFile section */

/* Begin PBXFileReference section */
		5AFAB9D01F90528F005B423D /* FlycanMacDemo.app */ = {isa = PBXFileReference; explicitFileType = wrapper.application; includeInIndex = 0; path = FlycanMacDemo.app; sourceTree = BUILT_PRODUCTS_DIR; };
		5AFAB9D31F90528F005B423D /* AppDelegate.h */ = {isa = PBXFileReference; lastKnownFileType = sourcecode.c.h; path = AppDelegate.h; sourceTree = "<group>"; };
		5AFAB9D41F90528F005B423D /* AppDelegate.m */ = {isa = PBXFileReference; lastKnownFileType = sourcecode.c.objc; path = AppDelegate.m; sourceTree = "<group>"; };
		5AFAB9D71F90528F005B423D /* main.m */ = {isa = PBXFileReference; lastKnownFileType = sourcecode.c.objc; path = main.m; sourceTree = "<group>"; };
		5AFAB9D91F90528F005B423D /* ViewController.h */ = {isa = PBXFileReference; lastKnownFileType = sourcecode.c.h; path = ViewController.h; sourceTree = "<group>"; };
		5AFAB9DA1F905290005B423D /* ViewController.m */ = {isa = PBXFileReference; lastKnownFileType = sourcecode.c.objc; path = ViewController.m; sourceTree = "<group>"; };
		5AFAB9DC1F905290005B423D /* Assets.xcassets */ = {isa = PBXFileReference; lastKnownFileType = folder.assetcatalog; path = Assets.xcassets; sourceTree = "<group>"; };
		5AFAB9DF1F905290005B423D /* Base */ = {isa = PBXFileReference; lastKnownFileType = file.storyboard; name = Base; path = Base.lproj/Main.storyboard; sourceTree = "<group>"; };
		5AFAB9E11F905290005B423D /* Info.plist */ = {isa = PBXFileReference; lastKnownFileType = text.plist.xml; path = Info.plist; sourceTree = "<group>"; };
		5AFAB9E91F9065C3005B423D /* flycan.h */ = {isa = PBXFileReference; fileEncoding = 4; lastKnownFileType = sourcecode.c.h; path = flycan.h; sourceTree = "<group>"; };
		5AFAB9EC1F906721005B423D /* AppHeaders.h */ = {isa = PBXFileReference; lastKnownFileType = sourcecode.c.h; path = AppHeaders.h; sourceTree = "<group>"; };
		5AFAB9ED1F906731005B423D /* PrefixHeader.pch */ = {isa = PBXFileReference; lastKnownFileType = sourcecode.c.h; path = PrefixHeader.pch; sourceTree = "<group>"; };
		5AFAB9EF1F906C62005B423D /* libflycan_Mac.a */ = {isa = PBXFileReference; lastKnownFileType = archive.ar; name = libflycan_Mac.a; path = "../../../../../Library/Developer/Xcode/DerivedData/Flycan-bfxyrkpqjjlllxdzfdyefolphftw/Build/Products/Debug/libflycan_Mac.a"; sourceTree = "<group>"; };
		5AFAB9F11F906C87005B423D /* libstdc++.tbd */ = {isa = PBXFileReference; lastKnownFileType = "sourcecode.text-based-dylib-definition"; name = "libstdc++.tbd"; path = "usr/lib/libstdc++.tbd"; sourceTree = SDKROOT; };
/* End PBXFileReference section */

/* Begin PBXFrameworksBuildPhase section */
		5AFAB9CD1F90528F005B423D /* Frameworks */ = {
			isa = PBXFrameworksBuildPhase;
			buildActionMask = 2147483647;
			files = (
				5AFAB9F21F906C87005B423D /* libstdc++.tbd in Frameworks */,
				5AFAB9F01F906C62005B423D /* libflycan_Mac.a in Frameworks */,
			);
			runOnlyForDeploymentPostprocessing = 0;
		};
/* End PBXFrameworksBuildPhase section */

/* Begin PBXGroup section */
		5AFAB9C71F90528F005B423D = {
			isa = PBXGroup;
			children = (
				5AFAB9E71F9065C3005B423D /* SDK */,
				5AFAB9D21F90528F005B423D /* FlycanMacDemo */,
				5AFAB9D11F90528F005B423D /* Products */,
				5AFAB9EE1F906C61005B423D /* Frameworks */,
			);
			sourceTree = "<group>";
		};
		5AFAB9D11F90528F005B423D /* Products */ = {
			isa = PBXGroup;
			children = (
				5AFAB9D01F90528F005B423D /* FlycanMacDemo.app */,
			);
			name = Products;
			sourceTree = "<group>";
		};
		5AFAB9D21F90528F005B423D /* FlycanMacDemo */ = {
			isa = PBXGroup;
			children = (
				5AFAB9EB1F9066D3005B423D /* Config */,
				5AFAB9D31F90528F005B423D /* AppDelegate.h */,
				5AFAB9D41F90528F005B423D /* AppDelegate.m */,
				5AFAB9D91F90528F005B423D /* ViewController.h */,
				5AFAB9DA1F905290005B423D /* ViewController.m */,
				5AFAB9DC1F905290005B423D /* Assets.xcassets */,
				5AFAB9DE1F905290005B423D /* Main.storyboard */,
				5AFAB9E11F905290005B423D /* Info.plist */,
				5AFAB9D61F90528F005B423D /* Supporting Files */,
			);
			path = FlycanMacDemo;
			sourceTree = "<group>";
		};
		5AFAB9D61F90528F005B423D /* Supporting Files */ = {
			isa = PBXGroup;
			children = (
				5AFAB9D71F90528F005B423D /* main.m */,
			);
			name = "Supporting Files";
			sourceTree = "<group>";
		};
		5AFAB9E71F9065C3005B423D /* SDK */ = {
			isa = PBXGroup;
			children = (
				5AFAB9E81F9065C3005B423D /* include */,
				5AFAB9EA1F9065C3005B423D /* lib */,
			);
			path = SDK;
			sourceTree = "<group>";
		};
		5AFAB9E81F9065C3005B423D /* include */ = {
			isa = PBXGroup;
			children = (
				5AFAB9E91F9065C3005B423D /* flycan.h */,
			);
			path = include;
			sourceTree = "<group>";
		};
		5AFAB9EA1F9065C3005B423D /* lib */ = {
			isa = PBXGroup;
			children = (
			);
			path = lib;
			sourceTree = "<group>";
		};
		5AFAB9EB1F9066D3005B423D /* Config */ = {
			isa = PBXGroup;
			children = (
				5AFAB9EC1F906721005B423D /* AppHeaders.h */,
				5AFAB9ED1F906731005B423D /* PrefixHeader.pch */,
			);
			path = Config;
			sourceTree = "<group>";
		};
		5AFAB9EE1F906C61005B423D /* Frameworks */ = {
			isa = PBXGroup;
			children = (
				5AFAB9F11F906C87005B423D /* libstdc++.tbd */,
				5AFAB9EF1F906C62005B423D /* libflycan_Mac.a */,
			);
			name = Frameworks;
			sourceTree = "<group>";
		};
/* End PBXGroup section */

/* Begin PBXNativeTarget section */
		5AFAB9CF1F90528F005B423D /* FlycanMacDemo */ = {
			isa = PBXNativeTarget;
			buildConfigurationList = 5AFAB9E41F905290005B423D /* Build configuration list for PBXNativeTarget "FlycanMacDemo" */;
			buildPhases = (
				5AFAB9CC1F90528F005B423D /* Sources */,
				5AFAB9CD1F90528F005B423D /* Frameworks */,
				5AFAB9CE1F90528F005B423D /* Resources */,
			);
			buildRules = (
			);
			dependencies = (
			);
			name = FlycanMacDemo;
			productName = FlycanMacDemo;
			productReference = 5AFAB9D01F90528F005B423D /* FlycanMacDemo.app */;
			productType = "com.apple.product-type.application";
		};
/* End PBXNativeTarget section */

/* Begin PBXProject section */
		5AFAB9C81F90528F005B423D /* Project object */ = {
			isa = PBXProject;
			attributes = {
				LastUpgradeCheck = 0830;
				ORGANIZATIONNAME = flypass;
				TargetAttributes = {
					5AFAB9CF1F90528F005B423D = {
						CreatedOnToolsVersion = 8.3.3;
						DevelopmentTeam = NSUMRZX66K;
						ProvisioningStyle = Automatic;
					};
				};
			};
			buildConfigurationList = 5AFAB9CB1F90528F005B423D /* Build configuration list for PBXProject "FlycanMacDemo" */;
			compatibilityVersion = "Xcode 3.2";
			developmentRegion = English;
			hasScannedForEncodings = 0;
			knownRegions = (
				en,
				Base,
			);
			mainGroup = 5AFAB9C71F90528F005B423D;
			productRefGroup = 5AFAB9D11F90528F005B423D /* Products */;
			projectDirPath = "";
			projectRoot = "";
			targets = (
				5AFAB9CF1F90528F005B423D /* FlycanMacDemo */,
			);
		};
/* End PBXProject section */

/* Begin PBXResourcesBuildPhase section */
		5AFAB9CE1F90528F005B423D /* Resources */ = {
			isa = PBXResourcesBuildPhase;
			buildActionMask = 2147483647;
			files = (
				5AFAB9DD1F905290005B423D /* Assets.xcassets in Resources */,
				5AFAB9E01F905290005B423D /* Main.storyboard in Resources */,
			);
			runOnlyForDeploymentPostprocessing = 0;
		};
/* End PBXResourcesBuildPhase section */

/* Begin PBXSourcesBuildPhase section */
		5AFAB9CC1F90528F005B423D /* Sources */ = {
			isa = PBXSourcesBuildPhase;
			buildActionMask = 2147483647;
			files = (
				5AFAB9DB1F905290005B423D /* ViewController.m in Sources */,
				5AFAB9D81F90528F005B423D /* main.m in Sources */,
				5AFAB9D51F90528F005B423D /* AppDelegate.m in Sources */,
			);
			runOnlyForDeploymentPostprocessing = 0;
		};
/* End PBXSourcesBuildPhase section */

/* Begin PBXVariantGroup section */
		5AFAB9DE1F905290005B423D /* Main.storyboard */ = {
			isa = PBXVariantGroup;
			children = (
				5AFAB9DF1F905290005B423D /* Base */,
			);
			name = Main.storyboard;
			sourceTree = "<group>";
		};
/* End PBXVariantGroup section */

/* Begin XCBuildConfiguration section */
		5AFAB9E21F905290005B423D /* Debug */ = {
			isa = XCBuildConfiguration;
			buildSettings = {
				ALWAYS_SEARCH_USER_PATHS = NO;
				CLANG_ANALYZER_NONNULL = YES;
				CLANG_ANALYZER_NUMBER_OBJECT_CONVERSION = YES_AGGRESSIVE;
				CLANG_CXX_LANGUAGE_STANDARD = "gnu++0x";
				CLANG_CXX_LIBRARY = "libc++";
				CLANG_ENABLE_MODULES = YES;
				CLANG_ENABLE_OBJC_ARC = YES;
				CLANG_WARN_BOOL_CONVERSION = YES;
				CLANG_WARN_CONSTANT_CONVERSION = YES;
				CLANG_WARN_DIRECT_OBJC_ISA_USAGE = YES_ERROR;
				CLANG_WARN_DOCUMENTATION_COMMENTS = YES;
				CLANG_WARN_EMPTY_BODY = YES;
				CLANG_WARN_ENUM_CONVERSION = YES;
				CLANG_WARN_INFINITE_RECURSION = YES;
				CLANG_WARN_INT_CONVERSION = YES;
				CLANG_WARN_OBJC_ROOT_CLASS = YES_ERROR;
				CLANG_WARN_SUSPICIOUS_MOVE = YES;
				CLANG_WARN_UNREACHABLE_CODE = YES;
				CLANG_WARN__DUPLICATE_METHOD_MATCH = YES;
				CODE_SIGN_IDENTITY = "-";
				COPY_PHASE_STRIP = NO;
				DEBUG_INFORMATION_FORMAT = dwarf;
				ENABLE_STRICT_OBJC_MSGSEND = YES;
				ENABLE_TESTABILITY = YES;
				GCC_C_LANGUAGE_STANDARD = gnu99;
				GCC_DYNAMIC_NO_PIC = NO;
				GCC_NO_COMMON_BLOCKS = YES;
				GCC_OPTIMIZATION_LEVEL = 0;
				GCC_PREPROCESSOR_DEFINITIONS = (
					"DEBUG=1",
					"$(inherited)",
				);
				GCC_WARN_64_TO_32_BIT_CONVERSION = YES;
				GCC_WARN_ABOUT_RETURN_TYPE = YES_ERROR;
				GCC_WARN_UNDECLARED_SELECTOR = YES;
				GCC_WARN_UNINITIALIZED_AUTOS = YES_AGGRESSIVE;
				GCC_WARN_UNUSED_FUNCTION = YES;
				GCC_WARN_UNUSED_VARIABLE = YES;
				MACOSX_DEPLOYMENT_TARGET = 10.12;
				MTL_ENABLE_DEBUG_INFO = YES;
				ONLY_ACTIVE_ARCH = YES;
				SDKROOT = macosx;
			};
			name = Debug;
		};
		5AFAB9E31F905290005B423D /* Release */ = {
			isa = XCBuildConfiguration;
			buildSettings = {
				ALWAYS_SEARCH_USER_PATHS = NO;
				CLANG_ANALYZER_NONNULL = YES;
				CLANG_ANALYZER_NUMBER_OBJECT_CONVERSION = YES_AGGRESSIVE;
				CLANG_CXX_LANGUAGE_STANDARD = "gnu++0x";
				CLANG_CXX_LIBRARY = "libc++";
				CLANG_ENABLE_MODULES = YES;
				CLANG_ENABLE_OBJC_ARC = YES;
				CLANG_WARN_BOOL_CONVERSION = YES;
				CLANG_WARN_CONSTANT_CONVERSION = YES;
				CLANG_WARN_DIRECT_OBJC_ISA_USAGE = YES_ERROR;
				CLANG_WARN_DOCUMENTATION_COMMENTS = YES;
				CLANG_WARN_EMPTY_BODY = YES;
				CLANG_WARN_ENUM_CONVERSION = YES;
				CLANG_WARN_INFINITE_RECURSION = YES;
				CLANG_WARN_INT_CONVERSION = YES;
				CLANG_WARN_OBJC_ROOT_CLASS = YES_ERROR;
				CLANG_WARN_SUSPICIOUS_MOVE = YES;
				CLANG_WARN_UNREACHABLE_CODE = YES;
				CLANG_WARN__DUPLICATE_METHOD_MATCH = YES;
				CODE_SIGN_IDENTITY = "-";
				COPY_PHASE_STRIP = NO;
				DEBUG_INFORMATION_FORMAT = "dwarf-with-dsym";
				ENABLE_NS_ASSERTIONS = NO;
				ENABLE_STRICT_OBJC_MSGSEND = YES;
				GCC_C_LANGUAGE_STANDARD = gnu99;
				GCC_NO_COMMON_BLOCKS = YES;
				GCC_WARN_64_TO_32_BIT_CONVERSION = YES;
				GCC_WARN_ABOUT_RETURN_TYPE = YES_ERROR;
				GCC_WARN_UNDECLARED_SELECTOR = YES;
				GCC_WARN_UNINITIALIZED_AUTOS = YES_AGGRESSIVE;
				GCC_WARN_UNUSED_FUNCTION = YES;
				GCC_WARN_UNUSED_VARIABLE = YES;
				MACOSX_DEPLOYMENT_TARGET = 10.12;
				MTL_ENABLE_DEBUG_INFO = NO;
				SDKROOT = macosx;
			};
			name = Release;
		};
		5AFAB9E51F905290005B423D /* Debug */ = {
			isa = XCBuildConfiguration;
			buildSettings = {
				ASSETCATALOG_COMPILER_APPICON_NAME = AppIcon;
				COMBINE_HIDPI_IMAGES = YES;
				DEVELOPMENT_TEAM = NSUMRZX66K;
				GCC_PRECOMPILE_PREFIX_HEADER = YES;
				GCC_PREFIX_HEADER = FlycanMacDemo/Config/PrefixHeader.pch;
				INFOPLIST_FILE = FlycanMacDemo/Info.plist;
				LD_RUNPATH_SEARCH_PATHS = "$(inherited) @executable_path/../Frameworks";
				PRODUCT_BUNDLE_IDENTIFIER = KCT.FlycanMacDemo;
				PRODUCT_NAME = "$(TARGET_NAME)";
			};
			name = Debug;
		};
		5AFAB9E61F905290005B423D /* Release */ = {
			isa = XCBuildConfiguration;
			buildSettings = {
				ASSETCATALOG_COMPILER_APPICON_NAME = AppIcon;
				COMBINE_HIDPI_IMAGES = YES;
				DEVELOPMENT_TEAM = NSUMRZX66K;
				GCC_PRECOMPILE_PREFIX_HEADER = YES;
				GCC_PREFIX_HEADER = FlycanMacDemo/Config/PrefixHeader.pch;
				INFOPLIST_FILE = FlycanMacDemo/Info.plist;
				LD_RUNPATH_SEARCH_PATHS = "$(inherited) @executable_path/../Frameworks";
				PRODUCT_BUNDLE_IDENTIFIER = KCT.FlycanMacDemo;
				PRODUCT_NAME = "$(TARGET_NAME)";
			};
			name = Release;
		};
/* End XCBuildConfiguration section */

/* Begin XCConfigurationList section */
		5AFAB9CB1F90528F005B423D /* Build configuration list for PBXProject "FlycanMacDemo" */ = {
			isa = XCConfigurationList;
			buildConfigurations = (
				5AFAB9E21F905290005B423D /* Debug */,
				5AFAB9E31F905290005B423D /* Release */,
			);
			defaultConfigurationIsVisible = 0;
			defaultConfigurationName = Release;
		};
		5AFAB9E41F905290005B423D /* Build configuration list for PBXNativeTarget "FlycanMacDemo" */ = {
			isa = XCConfigurationList;
			buildConfigurations = (
				5AFAB9E51F905290005B423D /* Debug */,
				5AFAB9E61F905290005B423D /* Release */,
			);
			defaultConfigurationIsVisible = 0;
			defaultConfigurationName = Release;
		};
/* End XCConfigurationList section */
	};
	rootObject = 5AFAB9C81F90528F005B423D /* Project object */;
}
